
Microsoft Visual Studio Solution File, Format Version 12.00
# Visual Studio Version 17
VisualStudioVersion = 17.7.34202.233
MinimumVisualStudioVersion = 10.0.40219.1
Project("{9A19103F-16F7-4668-BE54-9A1E7A4F7556}") = "ProfitBaseAPILibraly", "ProfitBaseAPILibraly\ProfitBaseAPILibraly.csproj", "{F2C78FE6-8898-4BDF-82F0-FD2F7D2F61CD}"
EndProject
Project("{FAE04EC0-301F-11D3-BF4B-00C04F79EFBC}") = "ConsoleApp4", "ConsoleApp4\ConsoleApp4.csproj", "{5DE6C257-1858-46B2-A603-CCF0C1DE6235}"
EndProject
Global
	GlobalSection(SolutionConfigurationPlatforms) = preSolution
		Debug|Any CPU = Debug|Any CPU
		Release|Any CPU = Release|Any CPU
	EndGlobalSection
	GlobalSection(ProjectConfigurationPlatforms) = postSolution
		{F2C78FE6-8898-4BDF-82F0-FD2F7D2F61CD}.Debug|Any CPU.ActiveCfg = Debug|Any CPU
		{F2C78FE6-8898-4BDF-82F0-FD2F7D2F61CD}.Debug|Any CPU.Build.0 = Debug|Any CPU
		{F2C78FE6-8898-4BDF-82F0-FD2F7D2F61CD}.Release|Any CPU.ActiveCfg = Release|Any CPU
		{F2C78FE6-8898-4BDF-82F0-FD2F7D2F61CD}.Release|Any CPU.Build.0 = Release|Any CPU
		{5DE6C257-1858-46B2-A603-CCF0C1DE6235}.Debug|Any CPU.ActiveCfg = Debug|Any CPU
		{5DE6C257-1858-46B2-A603-CCF0C1DE6235}.Debug|Any CPU.Build.0 = Debug|Any CPU
		{5DE6C257-1858-46B2-A603-CCF0C1DE6235}.Release|Any CPU.ActiveCfg = Release|Any CPU
		{5DE6C257-1858-46B2-A603-CCF0C1DE6235}.Release|Any CPU.Build.0 = Release|Any CPU
	EndGlobalSection
	GlobalSection(SolutionProperties) = preSolution
		HideSolutionNode = FALSE
	EndGlobalSection
	GlobalSection(ExtensibilityGlobals) = postSolution
		SolutionGuid = {13E83B18-800A-4E3A-B789-B020FD2F377C}
	EndGlobalSection
EndGlobal
